
Microsoft Visual Studio Solution File, Format Version 12.00
# Visual Studio Version 16
VisualStudioVersion = 16.0.31005.135
MinimumVisualStudioVersion = 10.0.40219.1
Project("{FAE04EC0-301F-11D3-BF4B-00C04F79EFBC}") = "MatchGameBlazor", "MatchGameBlazor\MatchGameBlazor.csproj", "{B576A476-5C26-4E13-9D5A-BD99ECCD8833}"
EndProject
Global
	GlobalSection(SolutionConfigurationPlatforms) = preSolution
		Debug|Any CPU = Debug|Any CPU
		Release|Any CPU = Release|Any CPU
	EndGlobalSection
	GlobalSection(ProjectConfigurationPlatforms) = postSolution
		{B576A476-5C26-4E13-9D5A-BD99ECCD8833}.Debug|Any CPU.ActiveCfg = Debug|Any CPU
		{B576A476-5C26-4E13-9D5A-BD99ECCD8833}.Debug|Any CPU.Build.0 = Debug|Any CPU
		{B576A476-5C26-4E13-9D5A-BD99ECCD8833}.Release|Any CPU.ActiveCfg = Release|Any CPU
		{B576A476-5C26-4E13-9D5A-BD99ECCD8833}.Release|Any CPU.Build.0 = Release|Any CPU
	EndGlobalSection
	GlobalSection(SolutionProperties) = preSolution
		HideSolutionNode = FALSE
	EndGlobalSection
	GlobalSection(ExtensibilityGlobals) = postSolution
		SolutionGuid = {9824D4FD-770B-43B4-A61D-DDE6A873B838}
	EndGlobalSection
EndGlobal
